
Microsoft Visual Studio Solution File, Format Version 11.00
# Visual Studio 2010
Project("{8BC9CEB8-8B4A-11D0-8D11-00A0C91BC942}") = "AppResLib.de-de", "AppResLib.de-de\AppResLib.de-de.vcxproj", "{5C2D02B2-B407-4762-B144-AE930E6A9C5D}"
EndProject
Project("{8BC9CEB8-8B4A-11D0-8D11-00A0C91BC942}") = "AppResLib.en-uk", "AppResLib.en-uk\AppResLib.en-uk.vcxproj", "{D1205772-D8E4-4C37-BE2C-06F596FF92E8}"
EndProject
Project("{8BC9CEB8-8B4A-11D0-8D11-00A0C91BC942}") = "AppResLib.en-us", "AppResLib.en-us\AppResLib.en-us.vcxproj", "{2E40E96F-A5DA-4247-9878-368929454A3A}"
EndProject
Project("{8BC9CEB8-8B4A-11D0-8D11-00A0C91BC942}") = "AppResLib.es-es", "AppResLib.es-es\AppResLib.es-es.vcxproj", "{DDA06B78-9920-462A-8E67-FD4D39E2F5F2}"
EndProject
Project("{8BC9CEB8-8B4A-11D0-8D11-00A0C91BC942}") = "AppResLib.fr-fr", "AppResLib.fr-fr\AppResLib.fr-fr.vcxproj", "{A0700F52-EA59-4CB7-94B5-A072C60D19D4}"
EndProject
Project("{8BC9CEB8-8B4A-11D0-8D11-00A0C91BC942}") = "AppResLib.it-it", "AppResLib.it-it\AppResLib.it-it.vcxproj", "{D3F3F351-9595-4647-AFF0-29F7A16C3F66}"
EndProject
Project("{8BC9CEB8-8B4A-11D0-8D11-00A0C91BC942}") = "AppResLib", "AppResLib\AppResLib.vcxproj", "{DA8E68AF-4485-4A67-8437-0BB28141C0D4}"
EndProject
Global
	GlobalSection(SolutionConfigurationPlatforms) = preSolution
		Debug|Win32 = Debug|Win32
		Release|Win32 = Release|Win32
	EndGlobalSection
	GlobalSection(ProjectConfigurationPlatforms) = postSolution
		{5C2D02B2-B407-4762-B144-AE930E6A9C5D}.Debug|Win32.ActiveCfg = Debug|Win32
		{5C2D02B2-B407-4762-B144-AE930E6A9C5D}.Debug|Win32.Build.0 = Debug|Win32
		{5C2D02B2-B407-4762-B144-AE930E6A9C5D}.Release|Win32.ActiveCfg = Release|Win32
		{5C2D02B2-B407-4762-B144-AE930E6A9C5D}.Release|Win32.Build.0 = Release|Win32
		{D1205772-D8E4-4C37-BE2C-06F596FF92E8}.Debug|Win32.ActiveCfg = Debug|Win32
		{D1205772-D8E4-4C37-BE2C-06F596FF92E8}.Debug|Win32.Build.0 = Debug|Win32
		{D1205772-D8E4-4C37-BE2C-06F596FF92E8}.Release|Win32.ActiveCfg = Release|Win32
		{D1205772-D8E4-4C37-BE2C-06F596FF92E8}.Release|Win32.Build.0 = Release|Win32
		{2E40E96F-A5DA-4247-9878-368929454A3A}.Debug|Win32.ActiveCfg = Debug|Win32
		{2E40E96F-A5DA-4247-9878-368929454A3A}.Debug|Win32.Build.0 = Debug|Win32
		{2E40E96F-A5DA-4247-9878-368929454A3A}.Release|Win32.ActiveCfg = Release|Win32
		{2E40E96F-A5DA-4247-9878-368929454A3A}.Release|Win32.Build.0 = Release|Win32
		{DDA06B78-9920-462A-8E67-FD4D39E2F5F2}.Debug|Win32.ActiveCfg = Debug|Win32
		{DDA06B78-9920-462A-8E67-FD4D39E2F5F2}.Debug|Win32.Build.0 = Debug|Win32
		{DDA06B78-9920-462A-8E67-FD4D39E2F5F2}.Release|Win32.ActiveCfg = Release|Win32
		{DDA06B78-9920-462A-8E67-FD4D39E2F5F2}.Release|Win32.Build.0 = Release|Win32
		{A0700F52-EA59-4CB7-94B5-A072C60D19D4}.Debug|Win32.ActiveCfg = Debug|Win32
		{A0700F52-EA59-4CB7-94B5-A072C60D19D4}.Debug|Win32.Build.0 = Debug|Win32
		{A0700F52-EA59-4CB7-94B5-A072C60D19D4}.Release|Win32.ActiveCfg = Release|Win32
		{A0700F52-EA59-4CB7-94B5-A072C60D19D4}.Release|Win32.Build.0 = Release|Win32
		{D3F3F351-9595-4647-AFF0-29F7A16C3F66}.Debug|Win32.ActiveCfg = Debug|Win32
		{D3F3F351-9595-4647-AFF0-29F7A16C3F66}.Debug|Win32.Build.0 = Debug|Win32
		{D3F3F351-9595-4647-AFF0-29F7A16C3F66}.Release|Win32.ActiveCfg = Release|Win32
		{D3F3F351-9595-4647-AFF0-29F7A16C3F66}.Release|Win32.Build.0 = Release|Win32
		{DA8E68AF-4485-4A67-8437-0BB28141C0D4}.Debug|Win32.ActiveCfg = Debug|Win32
		{DA8E68AF-4485-4A67-8437-0BB28141C0D4}.Debug|Win32.Build.0 = Debug|Win32
		{DA8E68AF-4485-4A67-8437-0BB28141C0D4}.Release|Win32.ActiveCfg = Release|Win32
		{DA8E68AF-4485-4A67-8437-0BB28141C0D4}.Release|Win32.Build.0 = Release|Win32
	EndGlobalSection
	GlobalSection(SolutionProperties) = preSolution
		HideSolutionNode = FALSE
	EndGlobalSection
EndGlobal
