
Microsoft Visual Studio Solution File, Format Version 11.00
# Visual Studio 2010 Express for Windows Phone
Project("{FAE04EC0-301F-11D3-BF4B-00C04F79EFBC}") = "PanoramaPivotControls", "PanoramaPivotControls\PanoramaPivotControls.csproj", "{BCE74639-B796-4DEF-A6D4-08EBF52D37D5}"
EndProject
Global
	GlobalSection(SolutionConfigurationPlatforms) = preSolution
		Debug|Any CPU = Debug|Any CPU
		Release|Any CPU = Release|Any CPU
	EndGlobalSection
	GlobalSection(ProjectConfigurationPlatforms) = postSolution
		{BCE74639-B796-4DEF-A6D4-08EBF52D37D5}.Debug|Any CPU.ActiveCfg = Debug|Any CPU
		{BCE74639-B796-4DEF-A6D4-08EBF52D37D5}.Debug|Any CPU.Build.0 = Debug|Any CPU
		{BCE74639-B796-4DEF-A6D4-08EBF52D37D5}.Debug|Any CPU.Deploy.0 = Debug|Any CPU
		{BCE74639-B796-4DEF-A6D4-08EBF52D37D5}.Release|Any CPU.ActiveCfg = Release|Any CPU
		{BCE74639-B796-4DEF-A6D4-08EBF52D37D5}.Release|Any CPU.Build.0 = Release|Any CPU
		{BCE74639-B796-4DEF-A6D4-08EBF52D37D5}.Release|Any CPU.Deploy.0 = Release|Any CPU
	EndGlobalSection
	GlobalSection(SolutionProperties) = preSolution
		HideSolutionNode = FALSE
	EndGlobalSection
EndGlobal
