
Microsoft Visual Studio Solution File, Format Version 11.00
# Visual Studio 2010 Express for Windows Phone
Project("{FAE04EC0-301F-11D3-BF4B-00C04F79EFBC}") = "HelloXNAFramework", "HelloXNAFramework\HelloXNAFramework\HelloXNAFramework.csproj", "{41AB6C65-5DD5-4CB5-98D2-B8185DB33561}"
EndProject
Project("{96E2B04D-8817-42C6-938A-82C39BA4D311}") = "HelloXNAFrameworkContent", "HelloXNAFramework\HelloXNAFrameworkContent\HelloXNAFrameworkContent.contentproj", "{D5ED98BD-8E92-4F65-B3EE-9C20E8D62584}"
EndProject
Global
	GlobalSection(SolutionConfigurationPlatforms) = preSolution
		Debug|Windows Phone = Debug|Windows Phone
		Release|Windows Phone = Release|Windows Phone
	EndGlobalSection
	GlobalSection(ProjectConfigurationPlatforms) = postSolution
		{41AB6C65-5DD5-4CB5-98D2-B8185DB33561}.Debug|Windows Phone.ActiveCfg = Debug|Windows Phone
		{41AB6C65-5DD5-4CB5-98D2-B8185DB33561}.Debug|Windows Phone.Build.0 = Debug|Windows Phone
		{41AB6C65-5DD5-4CB5-98D2-B8185DB33561}.Debug|Windows Phone.Deploy.0 = Debug|Windows Phone
		{41AB6C65-5DD5-4CB5-98D2-B8185DB33561}.Release|Windows Phone.ActiveCfg = Release|Windows Phone
		{41AB6C65-5DD5-4CB5-98D2-B8185DB33561}.Release|Windows Phone.Build.0 = Release|Windows Phone
		{41AB6C65-5DD5-4CB5-98D2-B8185DB33561}.Release|Windows Phone.Deploy.0 = Release|Windows Phone
		{D5ED98BD-8E92-4F65-B3EE-9C20E8D62584}.Debug|Windows Phone.ActiveCfg = Debug|Windows Phone
		{D5ED98BD-8E92-4F65-B3EE-9C20E8D62584}.Release|Windows Phone.ActiveCfg = Release|Windows Phone
	EndGlobalSection
	GlobalSection(SolutionProperties) = preSolution
		HideSolutionNode = FALSE
	EndGlobalSection
EndGlobal
